// !$*UTF8*$!
{
	archiveVersion = 1;
	classes = {
	};
	objectVersion = 46;
	objects = {

/* Begin PBXBuildFile section */
		6EC663C01CC5509800FDFF83 /* AppDelegate.swift in Sources */ = {isa = PBXBuildFile; fileRef = 6EC663BF1CC5509800FDFF83 /* AppDelegate.swift */; };
		6EC663C21CC5509800FDFF83 /* ViewController.swift in Sources */ = {isa = PBXBuildFile; fileRef = 6EC663C11CC5509800FDFF83 /* ViewController.swift */; };
		6EC663C51CC5509800FDFF83 /* Main.storyboard in Resources */ = {isa = PBXBuildFile; fileRef = 6EC663C31CC5509800FDFF83 /* Main.storyboard */; };
		6EC663C71CC5509800FDFF83 /* Images.xcassets in Resources */ = {isa = PBXBuildFile; fileRef = 6EC663C61CC5509800FDFF83 /* Images.xcassets */; };
		6EC663CA1CC5509800FDFF83 /* LaunchScreen.xib in Resources */ = {isa = PBXBuildFile; fileRef = 6EC663C81CC5509800FDFF83 /* LaunchScreen.xib */; };
		6EC663D61CC5509800FDFF83 /* Assignment_4Tests.swift in Sources */ = {isa = PBXBuildFile; fileRef = 6EC663D51CC5509800FDFF83 /* Assignment_4Tests.swift */; };
		6EC663FE1CC5AFB700FDFF83 /* mannersTableViewController.swift in Sources */ = {isa = PBXBuildFile; fileRef = 6EC663FD1CC5AFB700FDFF83 /* mannersTableViewController.swift */; };
		6ECBC7D71CD19F9E00920A69 /* emailViewController.swift in Sources */ = {isa = PBXBuildFile; fileRef = 6ECBC7D61CD19F9E00920A69 /* emailViewController.swift */; };
		6ECBC7D91CD1B5DC00920A69 /* MessageUI.framework in Frameworks */ = {isa = PBXBuildFile; fileRef = 6ECBC7D81CD1B5DC00920A69 /* MessageUI.framework */; };
/* End PBXBuildFile section */

/* Begin PBXContainerItemProxy section */
		6EC663D01CC5509800FDFF83 /* PBXContainerItemProxy */ = {
			isa = PBXContainerItemProxy;
			containerPortal = 6EC663B21CC5509800FDFF83 /* Project object */;
			proxyType = 1;
			remoteGlobalIDString = 6EC663B91CC5509800FDFF83;
			remoteInfo = "Assignment 4";
		};
/* End PBXContainerItemProxy section */

/* Begin PBXFileReference section */
		6EC663BA1CC5509800FDFF83 /* Assignment 4.app */ = {isa = PBXFileReference; explicitFileType = wrapper.application; includeInIndex = 0; path = "Assignment 4.app"; sourceTree = BUILT_PRODUCTS_DIR; };
		6EC663BE1CC5509800FDFF83 /* Info.plist */ = {isa = PBXFileReference; lastKnownFileType = text.plist.xml; path = Info.plist; sourceTree = "<group>"; };
		6EC663BF1CC5509800FDFF83 /* AppDelegate.swift */ = {isa = PBXFileReference; lastKnownFileType = sourcecode.swift; path = AppDelegate.swift; sourceTree = "<group>"; };
		6EC663C11CC5509800FDFF83 /* ViewController.swift */ = {isa = PBXFileReference; lastKnownFileType = sourcecode.swift; path = ViewController.swift; sourceTree = "<group>"; };
		6EC663C41CC5509800FDFF83 /* Base */ = {isa = PBXFileReference; lastKnownFileType = file.storyboard; name = Base; path = Base.lproj/Main.storyboard; sourceTree = "<group>"; };
		6EC663C61CC5509800FDFF83 /* Images.xcassets */ = {isa = PBXFileReference; lastKnownFileType = folder.assetcatalog; path = Images.xcassets; sourceTree = "<group>"; };
		6EC663C91CC5509800FDFF83 /* Base */ = {isa = PBXFileReference; lastKnownFileType = file.xib; name = Base; path = Base.lproj/LaunchScreen.xib; sourceTree = "<group>"; };
		6EC663CF1CC5509800FDFF83 /* Assignment 4Tests.xctest */ = {isa = PBXFileReference; explicitFileType = wrapper.cfbundle; includeInIndex = 0; path = "Assignment 4Tests.xctest"; sourceTree = BUILT_PRODUCTS_DIR; };
		6EC663D41CC5509800FDFF83 /* Info.plist */ = {isa = PBXFileReference; lastKnownFileType = text.plist.xml; path = Info.plist; sourceTree = "<group>"; };
		6EC663D51CC5509800FDFF83 /* Assignment_4Tests.swift */ = {isa = PBXFileReference; lastKnownFileType = sourcecode.swift; path = Assignment_4Tests.swift; sourceTree = "<group>"; };
		6EC663FD1CC5AFB700FDFF83 /* mannersTableViewController.swift */ = {isa = PBXFileReference; fileEncoding = 4; lastKnownFileType = sourcecode.swift; path = mannersTableViewController.swift; sourceTree = "<group>"; };
		6ECBC7D61CD19F9E00920A69 /* emailViewController.swift */ = {isa = PBXFileReference; fileEncoding = 4; lastKnownFileType = sourcecode.swift; path = emailViewController.swift; sourceTree = "<group>"; };
		6ECBC7D81CD1B5DC00920A69 /* MessageUI.framework */ = {isa = PBXFileReference; lastKnownFileType = wrapper.framework; name = MessageUI.framework; path = System/Library/Frameworks/MessageUI.framework; sourceTree = SDKROOT; };
/* End PBXFileReference section */

/* Begin PBXFrameworksBuildPhase section */
		6EC663B71CC5509800FDFF83 /* Frameworks */ = {
			isa = PBXFrameworksBuildPhase;
			buildActionMask = 2147483647;
			files = (
				6ECBC7D91CD1B5DC00920A69 /* MessageUI.framework in Frameworks */,
			);
			runOnlyForDeploymentPostprocessing = 0;
		};
		6EC663CC1CC5509800FDFF83 /* Frameworks */ = {
			isa = PBXFrameworksBuildPhase;
			buildActionMask = 2147483647;
			files = (
			);
			runOnlyForDeploymentPostprocessing = 0;
		};
/* End PBXFrameworksBuildPhase section */

/* Begin PBXGroup section */
		6EC663B11CC5509800FDFF83 = {
			isa = PBXGroup;
			children = (
				6ECBC7D81CD1B5DC00920A69 /* MessageUI.framework */,
				6EC663BC1CC5509800FDFF83 /* Assignment 4 */,
				6EC663D21CC5509800FDFF83 /* Assignment 4Tests */,
				6EC663BB1CC5509800FDFF83 /* Products */,
			);
			sourceTree = "<group>";
		};
		6EC663BB1CC5509800FDFF83 /* Products */ = {
			isa = PBXGroup;
			children = (
				6EC663BA1CC5509800FDFF83 /* Assignment 4.app */,
				6EC663CF1CC5509800FDFF83 /* Assignment 4Tests.xctest */,
			);
			name = Products;
			sourceTree = "<group>";
		};
		6EC663BC1CC5509800FDFF83 /* Assignment 4 */ = {
			isa = PBXGroup;
			children = (
				6EC663BF1CC5509800FDFF83 /* AppDelegate.swift */,
				6EC663FD1CC5AFB700FDFF83 /* mannersTableViewController.swift */,
				6EC663C81CC5509800FDFF83 /* LaunchScreen.xib */,
				6EC663C11CC5509800FDFF83 /* ViewController.swift */,
				6EC663C31CC5509800FDFF83 /* Main.storyboard */,
				6EC663C61CC5509800FDFF83 /* Images.xcassets */,
				6EC663BD1CC5509800FDFF83 /* Supporting Files */,
				6ECBC7D61CD19F9E00920A69 /* emailViewController.swift */,
			);
			path = "Assignment 4";
			sourceTree = "<group>";
		};
		6EC663BD1CC5509800FDFF83 /* Supporting Files */ = {
			isa = PBXGroup;
			children = (
				6EC663BE1CC5509800FDFF83 /* Info.plist */,
			);
			name = "Supporting Files";
			sourceTree = "<group>";
		};
		6EC663D21CC5509800FDFF83 /* Assignment 4Tests */ = {
			isa = PBXGroup;
			children = (
				6EC663D51CC5509800FDFF83 /* Assignment_4Tests.swift */,
				6EC663D31CC5509800FDFF83 /* Supporting Files */,
			);
			path = "Assignment 4Tests";
			sourceTree = "<group>";
		};
		6EC663D31CC5509800FDFF83 /* Supporting Files */ = {
			isa = PBXGroup;
			children = (
				6EC663D41CC5509800FDFF83 /* Info.plist */,
			);
			name = "Supporting Files";
			sourceTree = "<group>";
		};
/* End PBXGroup section */

/* Begin PBXNativeTarget section */
		6EC663B91CC5509800FDFF83 /* Assignment 4 */ = {
			isa = PBXNativeTarget;
			buildConfigurationList = 6EC663D91CC5509800FDFF83 /* Build configuration list for PBXNativeTarget "Assignment 4" */;
			buildPhases = (
				6EC663B61CC5509800FDFF83 /* Sources */,
				6EC663B71CC5509800FDFF83 /* Frameworks */,
				6EC663B81CC5509800FDFF83 /* Resources */,
			);
			buildRules = (
			);
			dependencies = (
			);
			name = "Assignment 4";
			productName = "Assignment 4";
			productReference = 6EC663BA1CC5509800FDFF83 /* Assignment 4.app */;
			productType = "com.apple.product-type.application";
		};
		6EC663CE1CC5509800FDFF83 /* Assignment 4Tests */ = {
			isa = PBXNativeTarget;
			buildConfigurationList = 6EC663DC1CC5509800FDFF83 /* Build configuration list for PBXNativeTarget "Assignment 4Tests" */;
			buildPhases = (
				6EC663CB1CC5509800FDFF83 /* Sources */,
				6EC663CC1CC5509800FDFF83 /* Frameworks */,
				6EC663CD1CC5509800FDFF83 /* Resources */,
			);
			buildRules = (
			);
			dependencies = (
				6EC663D11CC5509800FDFF83 /* PBXTargetDependency */,
			);
			name = "Assignment 4Tests";
			productName = "Assignment 4Tests";
			productReference = 6EC663CF1CC5509800FDFF83 /* Assignment 4Tests.xctest */;
			productType = "com.apple.product-type.bundle.unit-test";
		};
/* End PBXNativeTarget section */

/* Begin PBXProject section */
		6EC663B21CC5509800FDFF83 /* Project object */ = {
			isa = PBXProject;
			attributes = {
				LastUpgradeCheck = 0640;
				ORGANIZATIONNAME = "Chris Hardwick";
				TargetAttributes = {
					6EC663B91CC5509800FDFF83 = {
						CreatedOnToolsVersion = 6.4;
					};
					6EC663CE1CC5509800FDFF83 = {
						CreatedOnToolsVersion = 6.4;
						TestTargetID = 6EC663B91CC5509800FDFF83;
					};
				};
			};
			buildConfigurationList = 6EC663B51CC5509800FDFF83 /* Build configuration list for PBXProject "Assignment 4" */;
			compatibilityVersion = "Xcode 3.2";
			developmentRegion = English;
			hasScannedForEncodings = 0;
			knownRegions = (
				en,
				Base,
			);
			mainGroup = 6EC663B11CC5509800FDFF83;
			productRefGroup = 6EC663BB1CC5509800FDFF83 /* Products */;
			projectDirPath = "";
			projectRoot = "";
			targets = (
				6EC663B91CC5509800FDFF83 /* Assignment 4 */,
				6EC663CE1CC5509800FDFF83 /* Assignment 4Tests */,
			);
		};
/* End PBXProject section */

/* Begin PBXResourcesBuildPhase section */
		6EC663B81CC5509800FDFF83 /* Resources */ = {
			isa = PBXResourcesBuildPhase;
			buildActionMask = 2147483647;
			files = (
				6EC663C51CC5509800FDFF83 /* Main.storyboard in Resources */,
				6EC663CA1CC5509800FDFF83 /* LaunchScreen.xib in Resources */,
				6EC663C71CC5509800FDFF83 /* Images.xcassets in Resources */,
			);
			runOnlyForDeploymentPostprocessing = 0;
		};
		6EC663CD1CC5509800FDFF83 /* Resources */ = {
			isa = PBXResourcesBuildPhase;
			buildActionMask = 2147483647;
			files = (
			);
			runOnlyForDeploymentPostprocessing = 0;
		};
/* End PBXResourcesBuildPhase section */

/* Begin PBXSourcesBuildPhase section */
		6EC663B61CC5509800FDFF83 /* Sources */ = {
			isa = PBXSourcesBuildPhase;
			buildActionMask = 2147483647;
			files = (
				6EC663FE1CC5AFB700FDFF83 /* mannersTableViewController.swift in Sources */,
				6EC663C21CC5509800FDFF83 /* ViewController.swift in Sources */,
				6EC663C01CC5509800FDFF83 /* AppDelegate.swift in Sources */,
				6ECBC7D71CD19F9E00920A69 /* emailViewController.swift in Sources */,
			);
			runOnlyForDeploymentPostprocessing = 0;
		};
		6EC663CB1CC5509800FDFF83 /* Sources */ = {
			isa = PBXSourcesBuildPhase;
			buildActionMask = 2147483647;
			files = (
				6EC663D61CC5509800FDFF83 /* Assignment_4Tests.swift in Sources */,
			);
			runOnlyForDeploymentPostprocessing = 0;
		};
/* End PBXSourcesBuildPhase section */

/* Begin PBXTargetDependency section */
		6EC663D11CC5509800FDFF83 /* PBXTargetDependency */ = {
			isa = PBXTargetDependency;
			target = 6EC663B91CC5509800FDFF83 /* Assignment 4 */;
			targetProxy = 6EC663D01CC5509800FDFF83 /* PBXContainerItemProxy */;
		};
/* End PBXTargetDependency section */

/* Begin PBXVariantGroup section */
		6EC663C31CC5509800FDFF83 /* Main.storyboard */ = {
			isa = PBXVariantGroup;
			children = (
				6EC663C41CC5509800FDFF83 /* Base */,
			);
			name = Main.storyboard;
			sourceTree = "<group>";
		};
		6EC663C81CC5509800FDFF83 /* LaunchScreen.xib */ = {
			isa = PBXVariantGroup;
			children = (
				6EC663C91CC5509800FDFF83 /* Base */,
			);
			name = LaunchScreen.xib;
			sourceTree = "<group>";
		};
/* End PBXVariantGroup section */

/* Begin XCBuildConfiguration section */
		6EC663D71CC5509800FDFF83 /* Debug */ = {
			isa = XCBuildConfiguration;
			buildSettings = {
				ALWAYS_SEARCH_USER_PATHS = NO;
				CLANG_CXX_LANGUAGE_STANDARD = "gnu++0x";
				CLANG_CXX_LIBRARY = "libc++";
				CLANG_ENABLE_MODULES = YES;
				CLANG_ENABLE_OBJC_ARC = YES;
				CLANG_WARN_BOOL_CONVERSION = YES;
				CLANG_WARN_CONSTANT_CONVERSION = YES;
				CLANG_WARN_DIRECT_OBJC_ISA_USAGE = YES_ERROR;
				CLANG_WARN_EMPTY_BODY = YES;
				CLANG_WARN_ENUM_CONVERSION = YES;
				CLANG_WARN_INT_CONVERSION = YES;
				CLANG_WARN_OBJC_ROOT_CLASS = YES_ERROR;
				CLANG_WARN_UNREACHABLE_CODE = YES;
				CLANG_WARN__DUPLICATE_METHOD_MATCH = YES;
				"CODE_SIGN_IDENTITY[sdk=iphoneos*]" = "iPhone Developer";
				COPY_PHASE_STRIP = NO;
				DEBUG_INFORMATION_FORMAT = "dwarf-with-dsym";
				ENABLE_STRICT_OBJC_MSGSEND = YES;
				GCC_C_LANGUAGE_STANDARD = gnu99;
				GCC_DYNAMIC_NO_PIC = NO;
				GCC_NO_COMMON_BLOCKS = YES;
				GCC_OPTIMIZATION_LEVEL = 0;
				GCC_PREPROCESSOR_DEFINITIONS = (
					"DEBUG=1",
					"$(inherited)",
				);
				GCC_SYMBOLS_PRIVATE_EXTERN = NO;
				GCC_WARN_64_TO_32_BIT_CONVERSION = YES;
				GCC_WARN_ABOUT_RETURN_TYPE = YES_ERROR;
				GCC_WARN_UNDECLARED_SELECTOR = YES;
				GCC_WARN_UNINITIALIZED_AUTOS = YES_AGGRESSIVE;
				GCC_WARN_UNUSED_FUNCTION = YES;
				GCC_WARN_UNUSED_VARIABLE = YES;
				IPHONEOS_DEPLOYMENT_TARGET = 8.4;
				MTL_ENABLE_DEBUG_INFO = YES;
				ONLY_ACTIVE_ARCH = YES;
				SDKROOT = iphoneos;
				SWIFT_OPTIMIZATION_LEVEL = "-Onone";
			};
			name = Debug;
		};
		6EC663D81CC5509800FDFF83 /* Release */ = {
			isa = XCBuildConfiguration;
			buildSettings = {
				ALWAYS_SEARCH_USER_PATHS = NO;
				CLANG_CXX_LANGUAGE_STANDARD = "gnu++0x";
				CLANG_CXX_LIBRARY = "libc++";
				CLANG_ENABLE_MODULES = YES;
				CLANG_ENABLE_OBJC_ARC = YES;
				CLANG_WARN_BOOL_CONVERSION = YES;
				CLANG_WARN_CONSTANT_CONVERSION = YES;
				CLANG_WARN_DIRECT_OBJC_ISA_USAGE = YES_ERROR;
				CLANG_WARN_EMPTY_BODY = YES;
				CLANG_WARN_ENUM_CONVERSION = YES;
				CLANG_WARN_INT_CONVERSION = YES;
				CLANG_WARN_OBJC_ROOT_CLASS = YES_ERROR;
				CLANG_WARN_UNREACHABLE_CODE = YES;
				CLANG_WARN__DUPLICATE_METHOD_MATCH = YES;
				"CODE_SIGN_IDENTITY[sdk=iphoneos*]" = "iPhone Developer";
				COPY_PHASE_STRIP = NO;
				DEBUG_INFORMATION_FORMAT = "dwarf-with-dsym";
				ENABLE_NS_ASSERTIONS = NO;
				ENABLE_STRICT_OBJC_MSGSEND = YES;
				GCC_C_LANGUAGE_STANDARD = gnu99;
				GCC_NO_COMMON_BLOCKS = YES;
				GCC_WARN_64_TO_32_BIT_CONVERSION = YES;
				GCC_WARN_ABOUT_RETURN_TYPE = YES_ERROR;
				GCC_WARN_UNDECLARED_SELECTOR = YES;
				GCC_WARN_UNINITIALIZED_AUTOS = YES_AGGRESSIVE;
				GCC_WARN_UNUSED_FUNCTION = YES;
				GCC_WARN_UNUSED_VARIABLE = YES;
				IPHONEOS_DEPLOYMENT_TARGET = 8.4;
				MTL_ENABLE_DEBUG_INFO = NO;
				SDKROOT = iphoneos;
				VALIDATE_PRODUCT = YES;
			};
			name = Release;
		};
		6EC663DA1CC5509800FDFF83 /* Debug */ = {
			isa = XCBuildConfiguration;
			buildSettings = {
				ASSETCATALOG_COMPILER_APPICON_NAME = AppIcon;
				INFOPLIST_FILE = "Assignment 4/Info.plist";
				LD_RUNPATH_SEARCH_PATHS = "$(inherited) @executable_path/Frameworks";
				PRODUCT_NAME = "$(TARGET_NAME)";
			};
			name = Debug;
		};
		6EC663DB1CC5509800FDFF83 /* Release */ = {
			isa = XCBuildConfiguration;
			buildSettings = {
				ASSETCATALOG_COMPILER_APPICON_NAME = AppIcon;
				INFOPLIST_FILE = "Assignment 4/Info.plist";
				LD_RUNPATH_SEARCH_PATHS = "$(inherited) @executable_path/Frameworks";
				PRODUCT_NAME = "$(TARGET_NAME)";
			};
			name = Release;
		};
		6EC663DD1CC5509800FDFF83 /* Debug */ = {
			isa = XCBuildConfiguration;
			buildSettings = {
				BUNDLE_LOADER = "$(TEST_HOST)";
				FRAMEWORK_SEARCH_PATHS = (
					"$(SDKROOT)/Developer/Library/Frameworks",
					"$(inherited)",
				);
				GCC_PREPROCESSOR_DEFINITIONS = (
					"DEBUG=1",
					"$(inherited)",
				);
				INFOPLIST_FILE = "Assignment 4Tests/Info.plist";
				LD_RUNPATH_SEARCH_PATHS = "$(inherited) @executable_path/Frameworks @loader_path/Frameworks";
				PRODUCT_NAME = "$(TARGET_NAME)";
				TEST_HOST = "$(BUILT_PRODUCTS_DIR)/Assignment 4.app/Assignment 4";
			};
			name = Debug;
		};
		6EC663DE1CC5509800FDFF83 /* Release */ = {
			isa = XCBuildConfiguration;
			buildSettings = {
				BUNDLE_LOADER = "$(TEST_HOST)";
				FRAMEWORK_SEARCH_PATHS = (
					"$(SDKROOT)/Developer/Library/Frameworks",
					"$(inherited)",
				);
				INFOPLIST_FILE = "Assignment 4Tests/Info.plist";
				LD_RUNPATH_SEARCH_PATHS = "$(inherited) @executable_path/Frameworks @loader_path/Frameworks";
				PRODUCT_NAME = "$(TARGET_NAME)";
				TEST_HOST = "$(BUILT_PRODUCTS_DIR)/Assignment 4.app/Assignment 4";
			};
			name = Release;
		};
/* End XCBuildConfiguration section */

/* Begin XCConfigurationList section */
		6EC663B51CC5509800FDFF83 /* Build configuration list for PBXProject "Assignment 4" */ = {
			isa = XCConfigurationList;
			buildConfigurations = (
				6EC663D71CC5509800FDFF83 /* Debug */,
				6EC663D81CC5509800FDFF83 /* Release */,
			);
			defaultConfigurationIsVisible = 0;
			defaultConfigurationName = Release;
		};
		6EC663D91CC5509800FDFF83 /* Build configuration list for PBXNativeTarget "Assignment 4" */ = {
			isa = XCConfigurationList;
			buildConfigurations = (
				6EC663DA1CC5509800FDFF83 /* Debug */,
				6EC663DB1CC5509800FDFF83 /* Release */,
			);
			defaultConfigurationIsVisible = 0;
			defaultConfigurationName = Release;
		};
		6EC663DC1CC5509800FDFF83 /* Build configuration list for PBXNativeTarget "Assignment 4Tests" */ = {
			isa = XCConfigurationList;
			buildConfigurations = (
				6EC663DD1CC5509800FDFF83 /* Debug */,
				6EC663DE1CC5509800FDFF83 /* Release */,
			);
			defaultConfigurationIsVisible = 0;
			defaultConfigurationName = Release;
		};
/* End XCConfigurationList section */
	};
	rootObject = 6EC663B21CC5509800FDFF83 /* Project object */;
}
